
Microsoft Visual Studio Solution File, Format Version 12.00
Project("{FAE04EC0-301F-11D3-BF4B-00C04F79EFBC}") = "BakeryStoreApp", "BakeryStoreApp.csproj", "{B2C05328-5B5E-4A27-A443-245E4EC6603F}"
EndProject
Global
	GlobalSection(SolutionConfigurationPlatforms) = preSolution
		Debug|Any CPU = Debug|Any CPU
		Release|Any CPU = Release|Any CPU
	EndGlobalSection
	GlobalSection(ProjectConfigurationPlatforms) = postSolution
		{B2C05328-5B5E-4A27-A443-245E4EC6603F}.Debug|Any CPU.ActiveCfg = Debug|Any CPU
		{B2C05328-5B5E-4A27-A443-245E4EC6603F}.Debug|Any CPU.Build.0 = Debug|Any CPU
		{B2C05328-5B5E-4A27-A443-245E4EC6603F}.Release|Any CPU.ActiveCfg = Release|Any CPU
		{B2C05328-5B5E-4A27-A443-245E4EC6603F}.Release|Any CPU.Build.0 = Release|Any CPU
	EndGlobalSection
EndGlobal
